// !$*UTF8*$!
{
	archiveVersion = 1;
	classes = {
	};
	objectVersion = 50;
	objects = {

/* Begin PBXBuildFile section */
		414BD1A52180CED800ADF9CD /* DynamicActionSheet.swift in Sources */ = {isa = PBXBuildFile; fileRef = 414BD1A42180CED800ADF9CD /* DynamicActionSheet.swift */; };
		414BD1AA2180D30800ADF9CD /* ListView.swift in Sources */ = {isa = PBXBuildFile; fileRef = 414BD1A82180D30800ADF9CD /* ListView.swift */; };
		414BD1AB2180D30800ADF9CD /* ListView.xib in Resources */ = {isa = PBXBuildFile; fileRef = 414BD1A92180D30800ADF9CD /* ListView.xib */; };
		414BD1B321811BD800ADF9CD /* ActionTableViewCell.swift in Sources */ = {isa = PBXBuildFile; fileRef = 414BD1B121811BD800ADF9CD /* ActionTableViewCell.swift */; };
		414BD1B421811BD800ADF9CD /* ActionTableViewCell.xib in Resources */ = {isa = PBXBuildFile; fileRef = 414BD1B221811BD800ADF9CD /* ActionTableViewCell.xib */; };
		41CD87172180ABD900122F0A /* AppDelegate.swift in Sources */ = {isa = PBXBuildFile; fileRef = 41CD87162180ABD900122F0A /* AppDelegate.swift */; };
		41CD87192180ABD900122F0A /* ViewController.swift in Sources */ = {isa = PBXBuildFile; fileRef = 41CD87182180ABD900122F0A /* ViewController.swift */; };
		41CD871C2180ABD900122F0A /* Main.storyboard in Resources */ = {isa = PBXBuildFile; fileRef = 41CD871A2180ABD900122F0A /* Main.storyboard */; };
		41CD871E2180ABDB00122F0A /* Assets.xcassets in Resources */ = {isa = PBXBuildFile; fileRef = 41CD871D2180ABDB00122F0A /* Assets.xcassets */; };
		41CD87212180ABDB00122F0A /* LaunchScreen.storyboard in Resources */ = {isa = PBXBuildFile; fileRef = 41CD871F2180ABDB00122F0A /* LaunchScreen.storyboard */; };
/* End PBXBuildFile section */

/* Begin PBXFileReference section */
		414BD1A42180CED800ADF9CD /* DynamicActionSheet.swift */ = {isa = PBXFileReference; lastKnownFileType = sourcecode.swift; path = DynamicActionSheet.swift; sourceTree = "<group>"; };
		414BD1A82180D30800ADF9CD /* ListView.swift */ = {isa = PBXFileReference; lastKnownFileType = sourcecode.swift; path = ListView.swift; sourceTree = "<group>"; };
		414BD1A92180D30800ADF9CD /* ListView.xib */ = {isa = PBXFileReference; lastKnownFileType = file.xib; path = ListView.xib; sourceTree = "<group>"; };
		414BD1B121811BD800ADF9CD /* ActionTableViewCell.swift */ = {isa = PBXFileReference; lastKnownFileType = sourcecode.swift; path = ActionTableViewCell.swift; sourceTree = "<group>"; };
		414BD1B221811BD800ADF9CD /* ActionTableViewCell.xib */ = {isa = PBXFileReference; lastKnownFileType = file.xib; path = ActionTableViewCell.xib; sourceTree = "<group>"; };
		41CD87132180ABD900122F0A /* DynamicActionSheet.app */ = {isa = PBXFileReference; explicitFileType = wrapper.application; includeInIndex = 0; path = DynamicActionSheet.app; sourceTree = BUILT_PRODUCTS_DIR; };
		41CD87162180ABD900122F0A /* AppDelegate.swift */ = {isa = PBXFileReference; lastKnownFileType = sourcecode.swift; path = AppDelegate.swift; sourceTree = "<group>"; };
		41CD87182180ABD900122F0A /* ViewController.swift */ = {isa = PBXFileReference; lastKnownFileType = sourcecode.swift; path = ViewController.swift; sourceTree = "<group>"; };
		41CD871B2180ABD900122F0A /* Base */ = {isa = PBXFileReference; lastKnownFileType = file.storyboard; name = Base; path = Base.lproj/Main.storyboard; sourceTree = "<group>"; };
		41CD871D2180ABDB00122F0A /* Assets.xcassets */ = {isa = PBXFileReference; lastKnownFileType = folder.assetcatalog; path = Assets.xcassets; sourceTree = "<group>"; };
		41CD87202180ABDB00122F0A /* Base */ = {isa = PBXFileReference; lastKnownFileType = file.storyboard; name = Base; path = Base.lproj/LaunchScreen.storyboard; sourceTree = "<group>"; };
		41CD87222180ABDB00122F0A /* Info.plist */ = {isa = PBXFileReference; lastKnownFileType = text.plist.xml; path = Info.plist; sourceTree = "<group>"; };
/* End PBXFileReference section */

/* Begin PBXFrameworksBuildPhase section */
		41CD87102180ABD900122F0A /* Frameworks */ = {
			isa = PBXFrameworksBuildPhase;
			buildActionMask = 2147483647;
			files = (
			);
			runOnlyForDeploymentPostprocessing = 0;
		};
/* End PBXFrameworksBuildPhase section */

/* Begin PBXGroup section */
		414BD1B021811BA200ADF9CD /* Cells */ = {
			isa = PBXGroup;
			children = (
				414BD1B121811BD800ADF9CD /* ActionTableViewCell.swift */,
				414BD1B221811BD800ADF9CD /* ActionTableViewCell.xib */,
			);
			path = Cells;
			sourceTree = "<group>";
		};
		41CD870A2180ABD900122F0A = {
			isa = PBXGroup;
			children = (
				41CD87152180ABD900122F0A /* DynamicActionSheet */,
				41CD87142180ABD900122F0A /* Products */,
			);
			sourceTree = "<group>";
		};
		41CD87142180ABD900122F0A /* Products */ = {
			isa = PBXGroup;
			children = (
				41CD87132180ABD900122F0A /* DynamicActionSheet.app */,
			);
			name = Products;
			sourceTree = "<group>";
		};
		41CD87152180ABD900122F0A /* DynamicActionSheet */ = {
			isa = PBXGroup;
			children = (
				41CD87282180AC2D00122F0A /* ActionSheet */,
				41CD87162180ABD900122F0A /* AppDelegate.swift */,
				41CD87182180ABD900122F0A /* ViewController.swift */,
				41CD871A2180ABD900122F0A /* Main.storyboard */,
				41CD871D2180ABDB00122F0A /* Assets.xcassets */,
				41CD871F2180ABDB00122F0A /* LaunchScreen.storyboard */,
				41CD87222180ABDB00122F0A /* Info.plist */,
			);
			path = DynamicActionSheet;
			sourceTree = "<group>";
		};
		41CD87282180AC2D00122F0A /* ActionSheet */ = {
			isa = PBXGroup;
			children = (
				414BD1B021811BA200ADF9CD /* Cells */,
				414BD1A42180CED800ADF9CD /* DynamicActionSheet.swift */,
				414BD1A82180D30800ADF9CD /* ListView.swift */,
				414BD1A92180D30800ADF9CD /* ListView.xib */,
			);
			path = ActionSheet;
			sourceTree = "<group>";
		};
/* End PBXGroup section */

/* Begin PBXNativeTarget section */
		41CD87122180ABD900122F0A /* DynamicActionSheet */ = {
			isa = PBXNativeTarget;
			buildConfigurationList = 41CD87252180ABDB00122F0A /* Build configuration list for PBXNativeTarget "DynamicActionSheet" */;
			buildPhases = (
				41CD870F2180ABD900122F0A /* Sources */,
				41CD87102180ABD900122F0A /* Frameworks */,
				41CD87112180ABD900122F0A /* Resources */,
			);
			buildRules = (
			);
			dependencies = (
			);
			name = DynamicActionSheet;
			productName = DynamicActionSheet;
			productReference = 41CD87132180ABD900122F0A /* DynamicActionSheet.app */;
			productType = "com.apple.product-type.application";
		};
/* End PBXNativeTarget section */

/* Begin PBXProject section */
		41CD870B2180ABD900122F0A /* Project object */ = {
			isa = PBXProject;
			attributes = {
				LastSwiftUpdateCheck = 1000;
				LastUpgradeCheck = 1000;
				ORGANIZATIONNAME = "MIlaro Software";
				TargetAttributes = {
					41CD87122180ABD900122F0A = {
						CreatedOnToolsVersion = 10.0;
					};
				};
			};
			buildConfigurationList = 41CD870E2180ABD900122F0A /* Build configuration list for PBXProject "DynamicActionSheet" */;
			compatibilityVersion = "Xcode 9.3";
			developmentRegion = en;
			hasScannedForEncodings = 0;
			knownRegions = (
				en,
				Base,
			);
			mainGroup = 41CD870A2180ABD900122F0A;
			productRefGroup = 41CD87142180ABD900122F0A /* Products */;
			projectDirPath = "";
			projectRoot = "";
			targets = (
				41CD87122180ABD900122F0A /* DynamicActionSheet */,
			);
		};
/* End PBXProject section */

/* Begin PBXResourcesBuildPhase section */
		41CD87112180ABD900122F0A /* Resources */ = {
			isa = PBXResourcesBuildPhase;
			buildActionMask = 2147483647;
			files = (
				41CD87212180ABDB00122F0A /* LaunchScreen.storyboard in Resources */,
				41CD871E2180ABDB00122F0A /* Assets.xcassets in Resources */,
				414BD1AB2180D30800ADF9CD /* ListView.xib in Resources */,
				414BD1B421811BD800ADF9CD /* ActionTableViewCell.xib in Resources */,
				41CD871C2180ABD900122F0A /* Main.storyboard in Resources */,
			);
			runOnlyForDeploymentPostprocessing = 0;
		};
/* End PBXResourcesBuildPhase section */

/* Begin PBXSourcesBuildPhase section */
		41CD870F2180ABD900122F0A /* Sources */ = {
			isa = PBXSourcesBuildPhase;
			buildActionMask = 2147483647;
			files = (
				414BD1A52180CED800ADF9CD /* DynamicActionSheet.swift in Sources */,
				41CD87192180ABD900122F0A /* ViewController.swift in Sources */,
				41CD87172180ABD900122F0A /* AppDelegate.swift in Sources */,
				414BD1B321811BD800ADF9CD /* ActionTableViewCell.swift in Sources */,
				414BD1AA2180D30800ADF9CD /* ListView.swift in Sources */,
			);
			runOnlyForDeploymentPostprocessing = 0;
		};
/* End PBXSourcesBuildPhase section */

/* Begin PBXVariantGroup section */
		41CD871A2180ABD900122F0A /* Main.storyboard */ = {
			isa = PBXVariantGroup;
			children = (
				41CD871B2180ABD900122F0A /* Base */,
			);
			name = Main.storyboard;
			sourceTree = "<group>";
		};
		41CD871F2180ABDB00122F0A /* LaunchScreen.storyboard */ = {
			isa = PBXVariantGroup;
			children = (
				41CD87202180ABDB00122F0A /* Base */,
			);
			name = LaunchScreen.storyboard;
			sourceTree = "<group>";
		};
/* End PBXVariantGroup section */

/* Begin XCBuildConfiguration section */
		41CD87232180ABDB00122F0A /* Debug */ = {
			isa = XCBuildConfiguration;
			buildSettings = {
				ALWAYS_SEARCH_USER_PATHS = NO;
				CLANG_ANALYZER_NONNULL = YES;
				CLANG_ANALYZER_NUMBER_OBJECT_CONVERSION = YES_AGGRESSIVE;
				CLANG_CXX_LANGUAGE_STANDARD = "gnu++14";
				CLANG_CXX_LIBRARY = "libc++";
				CLANG_ENABLE_MODULES = YES;
				CLANG_ENABLE_OBJC_ARC = YES;
				CLANG_ENABLE_OBJC_WEAK = YES;
				CLANG_WARN_BLOCK_CAPTURE_AUTORELEASING = YES;
				CLANG_WARN_BOOL_CONVERSION = YES;
				CLANG_WARN_COMMA = YES;
				CLANG_WARN_CONSTANT_CONVERSION = YES;
				CLANG_WARN_DEPRECATED_OBJC_IMPLEMENTATIONS = YES;
				CLANG_WARN_DIRECT_OBJC_ISA_USAGE = YES_ERROR;
				CLANG_WARN_DOCUMENTATION_COMMENTS = YES;
				CLANG_WARN_EMPTY_BODY = YES;
				CLANG_WARN_ENUM_CONVERSION = YES;
				CLANG_WARN_INFINITE_RECURSION = YES;
				CLANG_WARN_INT_CONVERSION = YES;
				CLANG_WARN_NON_LITERAL_NULL_CONVERSION = YES;
				CLANG_WARN_OBJC_IMPLICIT_RETAIN_SELF = YES;
				CLANG_WARN_OBJC_LITERAL_CONVERSION = YES;
				CLANG_WARN_OBJC_ROOT_CLASS = YES_ERROR;
				CLANG_WARN_RANGE_LOOP_ANALYSIS = YES;
				CLANG_WARN_STRICT_PROTOTYPES = YES;
				CLANG_WARN_SUSPICIOUS_MOVE = YES;
				CLANG_WARN_UNGUARDED_AVAILABILITY = YES_AGGRESSIVE;
				CLANG_WARN_UNREACHABLE_CODE = YES;
				CLANG_WARN__DUPLICATE_METHOD_MATCH = YES;
				CODE_SIGN_IDENTITY = "iPhone Developer";
				COPY_PHASE_STRIP = NO;
				DEBUG_INFORMATION_FORMAT = dwarf;
				ENABLE_STRICT_OBJC_MSGSEND = YES;
				ENABLE_TESTABILITY = YES;
				GCC_C_LANGUAGE_STANDARD = gnu11;
				GCC_DYNAMIC_NO_PIC = NO;
				GCC_NO_COMMON_BLOCKS = YES;
				GCC_OPTIMIZATION_LEVEL = 0;
				GCC_PREPROCESSOR_DEFINITIONS = (
					"DEBUG=1",
					"$(inherited)",
				);
				GCC_WARN_64_TO_32_BIT_CONVERSION = YES;
				GCC_WARN_ABOUT_RETURN_TYPE = YES_ERROR;
				GCC_WARN_UNDECLARED_SELECTOR = YES;
				GCC_WARN_UNINITIALIZED_AUTOS = YES_AGGRESSIVE;
				GCC_WARN_UNUSED_FUNCTION = YES;
				GCC_WARN_UNUSED_VARIABLE = YES;
				IPHONEOS_DEPLOYMENT_TARGET = 12.0;
				MTL_ENABLE_DEBUG_INFO = INCLUDE_SOURCE;
				MTL_FAST_MATH = YES;
				ONLY_ACTIVE_ARCH = YES;
				SDKROOT = iphoneos;
				SWIFT_ACTIVE_COMPILATION_CONDITIONS = DEBUG;
				SWIFT_OPTIMIZATION_LEVEL = "-Onone";
			};
			name = Debug;
		};
		41CD87242180ABDB00122F0A /* Release */ = {
			isa = XCBuildConfiguration;
			buildSettings = {
				ALWAYS_SEARCH_USER_PATHS = NO;
				CLANG_ANALYZER_NONNULL = YES;
				CLANG_ANALYZER_NUMBER_OBJECT_CONVERSION = YES_AGGRESSIVE;
				CLANG_CXX_LANGUAGE_STANDARD = "gnu++14";
				CLANG_CXX_LIBRARY = "libc++";
				CLANG_ENABLE_MODULES = YES;
				CLANG_ENABLE_OBJC_ARC = YES;
				CLANG_ENABLE_OBJC_WEAK = YES;
				CLANG_WARN_BLOCK_CAPTURE_AUTORELEASING = YES;
				CLANG_WARN_BOOL_CONVERSION = YES;
				CLANG_WARN_COMMA = YES;
				CLANG_WARN_CONSTANT_CONVERSION = YES;
				CLANG_WARN_DEPRECATED_OBJC_IMPLEMENTATIONS = YES;
				CLANG_WARN_DIRECT_OBJC_ISA_USAGE = YES_ERROR;
				CLANG_WARN_DOCUMENTATION_COMMENTS = YES;
				CLANG_WARN_EMPTY_BODY = YES;
				CLANG_WARN_ENUM_CONVERSION = YES;
				CLANG_WARN_INFINITE_RECURSION = YES;
				CLANG_WARN_INT_CONVERSION = YES;
				CLANG_WARN_NON_LITERAL_NULL_CONVERSION = YES;
				CLANG_WARN_OBJC_IMPLICIT_RETAIN_SELF = YES;
				CLANG_WARN_OBJC_LITERAL_CONVERSION = YES;
				CLANG_WARN_OBJC_ROOT_CLASS = YES_ERROR;
				CLANG_WARN_RANGE_LOOP_ANALYSIS = YES;
				CLANG_WARN_STRICT_PROTOTYPES = YES;
				CLANG_WARN_SUSPICIOUS_MOVE = YES;
				CLANG_WARN_UNGUARDED_AVAILABILITY = YES_AGGRESSIVE;
				CLANG_WARN_UNREACHABLE_CODE = YES;
				CLANG_WARN__DUPLICATE_METHOD_MATCH = YES;
				CODE_SIGN_IDENTITY = "iPhone Developer";
				COPY_PHASE_STRIP = NO;
				DEBUG_INFORMATION_FORMAT = "dwarf-with-dsym";
				ENABLE_NS_ASSERTIONS = NO;
				ENABLE_STRICT_OBJC_MSGSEND = YES;
				GCC_C_LANGUAGE_STANDARD = gnu11;
				GCC_NO_COMMON_BLOCKS = YES;
				GCC_WARN_64_TO_32_BIT_CONVERSION = YES;
				GCC_WARN_ABOUT_RETURN_TYPE = YES_ERROR;
				GCC_WARN_UNDECLARED_SELECTOR = YES;
				GCC_WARN_UNINITIALIZED_AUTOS = YES_AGGRESSIVE;
				GCC_WARN_UNUSED_FUNCTION = YES;
				GCC_WARN_UNUSED_VARIABLE = YES;
				IPHONEOS_DEPLOYMENT_TARGET = 12.0;
				MTL_ENABLE_DEBUG_INFO = NO;
				MTL_FAST_MATH = YES;
				SDKROOT = iphoneos;
				SWIFT_COMPILATION_MODE = wholemodule;
				SWIFT_OPTIMIZATION_LEVEL = "-O";
				VALIDATE_PRODUCT = YES;
			};
			name = Release;
		};
		41CD87262180ABDB00122F0A /* Debug */ = {
			isa = XCBuildConfiguration;
			buildSettings = {
				ASSETCATALOG_COMPILER_APPICON_NAME = AppIcon;
				CODE_SIGN_STYLE = Automatic;
				DEVELOPMENT_TEAM = KL5CTQ2N5S;
				INFOPLIST_FILE = DynamicActionSheet/Info.plist;
				LD_RUNPATH_SEARCH_PATHS = (
					"$(inherited)",
					"@executable_path/Frameworks",
				);
				PRODUCT_BUNDLE_IDENTIFIER = "com.milaro-software..DynamicActionSheet";
				PRODUCT_NAME = "$(TARGET_NAME)";
				SWIFT_VERSION = 4.2;
				TARGETED_DEVICE_FAMILY = "1,2";
			};
			name = Debug;
		};
		41CD87272180ABDB00122F0A /* Release */ = {
			isa = XCBuildConfiguration;
			buildSettings = {
				ASSETCATALOG_COMPILER_APPICON_NAME = AppIcon;
				CODE_SIGN_STYLE = Automatic;
				DEVELOPMENT_TEAM = KL5CTQ2N5S;
				INFOPLIST_FILE = DynamicActionSheet/Info.plist;
				LD_RUNPATH_SEARCH_PATHS = (
					"$(inherited)",
					"@executable_path/Frameworks",
				);
				PRODUCT_BUNDLE_IDENTIFIER = "com.milaro-software..DynamicActionSheet";
				PRODUCT_NAME = "$(TARGET_NAME)";
				SWIFT_VERSION = 4.2;
				TARGETED_DEVICE_FAMILY = "1,2";
			};
			name = Release;
		};
/* End XCBuildConfiguration section */

/* Begin XCConfigurationList section */
		41CD870E2180ABD900122F0A /* Build configuration list for PBXProject "DynamicActionSheet" */ = {
			isa = XCConfigurationList;
			buildConfigurations = (
				41CD87232180ABDB00122F0A /* Debug */,
				41CD87242180ABDB00122F0A /* Release */,
			);
			defaultConfigurationIsVisible = 0;
			defaultConfigurationName = Release;
		};
		41CD87252180ABDB00122F0A /* Build configuration list for PBXNativeTarget "DynamicActionSheet" */ = {
			isa = XCConfigurationList;
			buildConfigurations = (
				41CD87262180ABDB00122F0A /* Debug */,
				41CD87272180ABDB00122F0A /* Release */,
			);
			defaultConfigurationIsVisible = 0;
			defaultConfigurationName = Release;
		};
/* End XCConfigurationList section */
	};
	rootObject = 41CD870B2180ABD900122F0A /* Project object */;
}
